
Microsoft Visual Studio Solution File, Format Version 12.00
# Visual Studio Version 17
VisualStudioVersion = 17.2.32630.192
MinimumVisualStudioVersion = 10.0.40219.1
Project("{9A19103F-16F7-4668-BE54-9A1E7A4F7556}") = "FrameworkGamificacaoAPI", "FrameworkGamificacaoAPI\FrameworkGamificacaoAPI.csproj", "{CCB0132B-3214-408F-BF81-69AD8C53EA23}"
	ProjectSection(ProjectDependencies) = postProject
		{FA028966-9782-4EDB-AFFF-70B7887C13B1} = {FA028966-9782-4EDB-AFFF-70B7887C13B1}
	EndProjectSection
EndProject
Project("{9A19103F-16F7-4668-BE54-9A1E7A4F7556}") = "CtlFrameworkGamificacao", "CtlFrameworkGamificacao\CtlFrameworkGamificacao.csproj", "{FA028966-9782-4EDB-AFFF-70B7887C13B1}"
EndProject
Global
	GlobalSection(SolutionConfigurationPlatforms) = preSolution
		Debug|Any CPU = Debug|Any CPU
		Release|Any CPU = Release|Any CPU
	EndGlobalSection
	GlobalSection(ProjectConfigurationPlatforms) = postSolution
		{CCB0132B-3214-408F-BF81-69AD8C53EA23}.Debug|Any CPU.ActiveCfg = Debug|Any CPU
		{CCB0132B-3214-408F-BF81-69AD8C53EA23}.Debug|Any CPU.Build.0 = Debug|Any CPU
		{CCB0132B-3214-408F-BF81-69AD8C53EA23}.Release|Any CPU.ActiveCfg = Release|Any CPU
		{CCB0132B-3214-408F-BF81-69AD8C53EA23}.Release|Any CPU.Build.0 = Release|Any CPU
		{FA028966-9782-4EDB-AFFF-70B7887C13B1}.Debug|Any CPU.ActiveCfg = Debug|Any CPU
		{FA028966-9782-4EDB-AFFF-70B7887C13B1}.Debug|Any CPU.Build.0 = Debug|Any CPU
		{FA028966-9782-4EDB-AFFF-70B7887C13B1}.Release|Any CPU.ActiveCfg = Release|Any CPU
		{FA028966-9782-4EDB-AFFF-70B7887C13B1}.Release|Any CPU.Build.0 = Release|Any CPU
	EndGlobalSection
	GlobalSection(SolutionProperties) = preSolution
		HideSolutionNode = FALSE
	EndGlobalSection
	GlobalSection(ExtensibilityGlobals) = postSolution
		SolutionGuid = {9F07C5BF-3784-4A2F-8E02-981880701FCA}
	EndGlobalSection
EndGlobal
